hash: 05b62440b9d165a699c6229abe3fbfce694ae90a179d2bd7de3394eb8f0617b6
updated: 2016-08-23T10:36:26.650521422-04:00
imports:
- name: github.com/codegangsta/cli
  version: 1efa31f08b9333f1bd4882d61f9d668a70cd902e
- name: github.com/eapache/go-resiliency
  version: f341fb4dca45128e4aa86389fa6a675d55fe25e1
  subpackages:
  - breaker
- name: github.com/eapache/queue
  version: ded5959c0d4e360646dc9e9908cff48666781367
- name: github.com/golang/snappy
  version: 723cc1e459b8eea2dea4583200fd60757d40097a
- name: github.com/klauspost/crc32
  version: 6d3a59fbbb6978e64ae28dac04bd1f150999087e
- name: github.com/mathpl/go-tsdmetrics
  version: 2caf6316c7cfc74ed491818fc7c842f3ad97f34d
- name: github.com/rcrowley/go-metrics
  version: 3e5e593311103d49927c8d2b0fd93ccdfe4a525c
- name: github.com/Shopify/sarama
  version: 87ec8d76e89cc002ff5673ee7598ae1db2f32424
- name: github.com/Sirupsen/logrus
  version: 4b6ea7319e214d98c938f12692336f7ca9348d6b
- name: golang.org/x/net
  version: 7394c112eae4dba7e96bfcfe738e6373d61772b4
  subpackages:
  - context
- name: golang.org/x/sys
  version: a646d33e2ee3172a661fc09bca23bb4889a41bc8
  subpackages:
  - unix
testImports: []
